
Microsoft Visual Studio Solution File, Format Version 12.00
# Visual Studio Version 17
VisualStudioVersion = 17.0.31612.314
MinimumVisualStudioVersion = 10.0.40219.1
Project("{9A19103F-16F7-4668-BE54-9A1E7A4F7556}") = "ArenaFighter", "ArenaFighter\ArenaFighter.csproj", "{3632BD82-9F43-4071-AF78-9B00234228E8}"
EndProject
Project("{FAE04EC0-301F-11D3-BF4B-00C04F79EFBC}") = "TestingArenaFighter", "TestingArenaFighter\TestingArenaFighter.csproj", "{ED70B437-EB84-4BDD-BE80-C04BBE43706D}"
EndProject
Project("{2150E333-8FDC-42A3-9474-1A3956D46DE8}") = "Tests", "Tests", "{3CCC1829-5B28-4686-AD76-4C487DE20F08}"
EndProject
Global
	GlobalSection(SolutionConfigurationPlatforms) = preSolution
		Debug|Any CPU = Debug|Any CPU
		Release|Any CPU = Release|Any CPU
	EndGlobalSection
	GlobalSection(ProjectConfigurationPlatforms) = postSolution
		{3632BD82-9F43-4071-AF78-9B00234228E8}.Debug|Any CPU.ActiveCfg = Debug|Any CPU
		{3632BD82-9F43-4071-AF78-9B00234228E8}.Debug|Any CPU.Build.0 = Debug|Any CPU
		{3632BD82-9F43-4071-AF78-9B00234228E8}.Release|Any CPU.ActiveCfg = Release|Any CPU
		{3632BD82-9F43-4071-AF78-9B00234228E8}.Release|Any CPU.Build.0 = Release|Any CPU
		{ED70B437-EB84-4BDD-BE80-C04BBE43706D}.Debug|Any CPU.ActiveCfg = Debug|Any CPU
		{ED70B437-EB84-4BDD-BE80-C04BBE43706D}.Debug|Any CPU.Build.0 = Debug|Any CPU
		{ED70B437-EB84-4BDD-BE80-C04BBE43706D}.Release|Any CPU.ActiveCfg = Release|Any CPU
		{ED70B437-EB84-4BDD-BE80-C04BBE43706D}.Release|Any CPU.Build.0 = Release|Any CPU
	EndGlobalSection
	GlobalSection(SolutionProperties) = preSolution
		HideSolutionNode = FALSE
	EndGlobalSection
	GlobalSection(NestedProjects) = preSolution
		{ED70B437-EB84-4BDD-BE80-C04BBE43706D} = {3CCC1829-5B28-4686-AD76-4C487DE20F08}
	EndGlobalSection
	GlobalSection(ExtensibilityGlobals) = postSolution
		SolutionGuid = {6AFEFB2A-A252-4D3C-B01D-CB86570CA8AA}
	EndGlobalSection
EndGlobal
